<?xml version="1.0" encoding="utf-8"?>
<Project ToolsVersion="4.0" xmlns="http://schemas.microsoft.com/developer/msbuild/2003">
  <ItemGroup>
    <ClCompile Include="main.cpp" />
    <ClCompile Include="stdafx.cpp" />
    <ClCompile Include="LineSegment.cpp">
      <Filter>Source files</Filter>
    </ClCompile>
    <ClCompile Include="Point.cpp">
      <Filter>Source files</Filter>
    </ClCompile>
    <ClCompile Include="Triangle.cpp">
      <Filter>Source files</Filter>
    </ClCompile>
    <ClCompile Include="Circle.cpp">
      <Filter>Source files</Filter>
    </ClCompile>
    <ClCompile Include="Rectangle.cpp">
      <Filter>Source files</Filter>
    </ClCompile>
    <ClCompile Include="CCanvas.cpp">
      <Filter>Source files</Filter>
    </ClCompile>
  </ItemGroup>
  <ItemGroup>
    <ClInclude Include="stdafx.h" />
    <ClInclude Include="targetver.h" />
    <ClInclude Include="ISolidShape.h">
      <Filter>Headers</Filter>
    </ClInclude>
    <ClInclude Include="LineSegment.h">
      <Filter>Headers</Filter>
    </ClInclude>
    <ClInclude Include="Point.h">
      <Filter>Headers</Filter>
    </ClInclude>
    <ClInclude Include="Shape.h">
      <Filter>Headers</Filter>
    </ClInclude>
    <ClInclude Include="Triangle.h">
      <Filter>Headers</Filter>
    </ClInclude>
    <ClInclude Include="Circle.h">
      <Filter>Headers</Filter>
    </ClInclude>
    <ClInclude Include="Rectangle.h">
      <Filter>Headers</Filter>
    </ClInclude>
    <ClInclude Include="CanvasDrawable.h">
      <Filter>Headers</Filter>
    </ClInclude>
    <ClInclude Include="Canvas.h">
      <Filter>Headers</Filter>
    </ClInclude>
    <ClInclude Include="CCanvas.h">
      <Filter>Headers</Filter>
    </ClInclude>
  </ItemGroup>
  <ItemGroup>
    <Text Include="ReadMe.txt" />
  </ItemGroup>
  <ItemGroup>
    <Filter Include="Headers">
      <UniqueIdentifier>{3304d276-53f3-42ec-9c3c-b666468aa78c}</UniqueIdentifier>
    </Filter>
    <Filter Include="Source files">
      <UniqueIdentifier>{92874a73-0f82-43d3-9610-486720cc5031}</UniqueIdentifier>
    </Filter>
  </ItemGroup>
</Project>