
Microsoft Visual Studio Solution File, Format Version 12.00
# Visual Studio 14
VisualStudioVersion = 14.0.25420.1
MinimumVisualStudioVersion = 10.0.40219.1
Project("{8BC9CEB8-8B4A-11D0-8D11-00A0C91BC942}") = "Vector", "Lab2\Lab2.vcxproj", "{1EE601E7-2617-45A9-B7B6-2CE823708A3A}"
EndProject
Project("{8BC9CEB8-8B4A-11D0-8D11-00A0C91BC942}") = "HTMLDecode", "HTMLDecode\HTMLDecode.vcxproj", "{0F9F6034-CE8A-4983-B7E6-892209712029}"
EndProject
Project("{8BC9CEB8-8B4A-11D0-8D11-00A0C91BC942}") = "Dictionary", "Dictionary\Dictionary.vcxproj", "{E1CF5DD8-2451-4C59-80DE-941D3FCBF340}"
EndProject
Project("{8BC9CEB8-8B4A-11D0-8D11-00A0C91BC942}") = "PrimeGenerator", "PrimeGenerator\PrimeGenerator.vcxproj", "{2B9D63E3-0E87-4DFD-9D4C-480819449073}"
EndProject
Global
	GlobalSection(SolutionConfigurationPlatforms) = preSolution
		Debug|x64 = Debug|x64
		Debug|x86 = Debug|x86
		Release|x64 = Release|x64
		Release|x86 = Release|x86
	EndGlobalSection
	GlobalSection(ProjectConfigurationPlatforms) = postSolution
		{1EE601E7-2617-45A9-B7B6-2CE823708A3A}.Debug|x64.ActiveCfg = Debug|x64
		{1EE601E7-2617-45A9-B7B6-2CE823708A3A}.Debug|x64.Build.0 = Debug|x64
		{1EE601E7-2617-45A9-B7B6-2CE823708A3A}.Debug|x86.ActiveCfg = Debug|Win32
		{1EE601E7-2617-45A9-B7B6-2CE823708A3A}.Debug|x86.Build.0 = Debug|Win32
		{1EE601E7-2617-45A9-B7B6-2CE823708A3A}.Release|x64.ActiveCfg = Release|x64
		{1EE601E7-2617-45A9-B7B6-2CE823708A3A}.Release|x64.Build.0 = Release|x64
		{1EE601E7-2617-45A9-B7B6-2CE823708A3A}.Release|x86.ActiveCfg = Release|Win32
		{1EE601E7-2617-45A9-B7B6-2CE823708A3A}.Release|x86.Build.0 = Release|Win32
		{0F9F6034-CE8A-4983-B7E6-892209712029}.Debug|x64.ActiveCfg = Debug|x64
		{0F9F6034-CE8A-4983-B7E6-892209712029}.Debug|x64.Build.0 = Debug|x64
		{0F9F6034-CE8A-4983-B7E6-892209712029}.Debug|x86.ActiveCfg = Debug|Win32
		{0F9F6034-CE8A-4983-B7E6-892209712029}.Debug|x86.Build.0 = Debug|Win32
		{0F9F6034-CE8A-4983-B7E6-892209712029}.Release|x64.ActiveCfg = Release|x64
		{0F9F6034-CE8A-4983-B7E6-892209712029}.Release|x64.Build.0 = Release|x64
		{0F9F6034-CE8A-4983-B7E6-892209712029}.Release|x86.ActiveCfg = Release|Win32
		{0F9F6034-CE8A-4983-B7E6-892209712029}.Release|x86.Build.0 = Release|Win32
		{E1CF5DD8-2451-4C59-80DE-941D3FCBF340}.Debug|x64.ActiveCfg = Debug|x64
		{E1CF5DD8-2451-4C59-80DE-941D3FCBF340}.Debug|x64.Build.0 = Debug|x64
		{E1CF5DD8-2451-4C59-80DE-941D3FCBF340}.Debug|x86.ActiveCfg = Debug|Win32
		{E1CF5DD8-2451-4C59-80DE-941D3FCBF340}.Debug|x86.Build.0 = Debug|Win32
		{E1CF5DD8-2451-4C59-80DE-941D3FCBF340}.Release|x64.ActiveCfg = Release|x64
		{E1CF5DD8-2451-4C59-80DE-941D3FCBF340}.Release|x64.Build.0 = Release|x64
		{E1CF5DD8-2451-4C59-80DE-941D3FCBF340}.Release|x86.ActiveCfg = Release|Win32
		{E1CF5DD8-2451-4C59-80DE-941D3FCBF340}.Release|x86.Build.0 = Release|Win32
		{2B9D63E3-0E87-4DFD-9D4C-480819449073}.Debug|x64.ActiveCfg = Debug|x64
		{2B9D63E3-0E87-4DFD-9D4C-480819449073}.Debug|x64.Build.0 = Debug|x64
		{2B9D63E3-0E87-4DFD-9D4C-480819449073}.Debug|x86.ActiveCfg = Debug|Win32
		{2B9D63E3-0E87-4DFD-9D4C-480819449073}.Debug|x86.Build.0 = Debug|Win32
		{2B9D63E3-0E87-4DFD-9D4C-480819449073}.Release|x64.ActiveCfg = Release|x64
		{2B9D63E3-0E87-4DFD-9D4C-480819449073}.Release|x64.Build.0 = Release|x64
		{2B9D63E3-0E87-4DFD-9D4C-480819449073}.Release|x86.ActiveCfg = Release|Win32
		{2B9D63E3-0E87-4DFD-9D4C-480819449073}.Release|x86.Build.0 = Release|Win32
	EndGlobalSection
	GlobalSection(SolutionProperties) = preSolution
		HideSolutionNode = FALSE
	EndGlobalSection
EndGlobal
